
Microsoft Visual Studio Solution File, Format Version 12.00
# Visual Studio Version 16
VisualStudioVersion = 16.0.30804.86
MinimumVisualStudioVersion = 10.0.40219.1
Project("{FAE04EC0-301F-11D3-BF4B-00C04F79EFBC}") = "Restoran", "Restoran\Restoran.csproj", "{69079B97-B20C-4FE3-A52F-761FC7C97E4F}"
EndProject
Global
	GlobalSection(SolutionConfigurationPlatforms) = preSolution
		Debug|Any CPU = Debug|Any CPU
		Release|Any CPU = Release|Any CPU
	EndGlobalSection
	GlobalSection(ProjectConfigurationPlatforms) = postSolution
		{69079B97-B20C-4FE3-A52F-761FC7C97E4F}.Debug|Any CPU.ActiveCfg = Debug|Any CPU
		{69079B97-B20C-4FE3-A52F-761FC7C97E4F}.Debug|Any CPU.Build.0 = Debug|Any CPU
		{69079B97-B20C-4FE3-A52F-761FC7C97E4F}.Release|Any CPU.ActiveCfg = Release|Any CPU
		{69079B97-B20C-4FE3-A52F-761FC7C97E4F}.Release|Any CPU.Build.0 = Release|Any CPU
	EndGlobalSection
	GlobalSection(SolutionProperties) = preSolution
		HideSolutionNode = FALSE
	EndGlobalSection
	GlobalSection(ExtensibilityGlobals) = postSolution
		SolutionGuid = {A5DAD715-1552-41C1-A921-8D245623C18A}
	EndGlobalSection
EndGlobal
